# THIS IS AN AUTOGENERATED FILE. DO NOT EDIT THIS FILE DIRECTLY.
# yarn lockfile v1


"@nestjs/common@^8.4.4":
  "integrity" "sha512-QHi7QcgH/5Jinz+SCfIZJkFHc6Cch1YsAEGFEhi6wSp6MILb0sJMQ1CX06e9tCOAjSlBwaJj4PH0eFCVau5v9Q=="
  "resolved" "https://registry.npmjs.org/@nestjs/common/-/common-8.4.4.tgz"
  "version" "8.4.4"
  dependencies:
    "axios" "0.26.1"
    "iterare" "1.2.1"
    "tslib" "2.3.1"
    "uuid" "8.3.2"

"@tokenizer/token@^0.1.1":
  "integrity" "sha512-XO6INPbZCxdprl+9qa/AAbFFOMzzwqYxpjPgLICrMD6C2FCw6qfJOPcBk6JqqPLSaZ/Qx87qn4rpPmPMwaAK6w=="
  "resolved" "https://registry.npmjs.org/@tokenizer/token/-/token-0.1.1.tgz"
  "version" "0.1.1"

"@tokenizer/token@^0.3.0":
  "integrity" "sha512-OvjF+z51L3ov0OyAU0duzsYuvO01PH7x4t6DJx+guahgTnBHkhJdG7soQeTSFLWN3efnHyibZ4Z8l2EuWwJN3A=="
  "resolved" "https://registry.npmjs.org/@tokenizer/token/-/token-0.3.0.tgz"
  "version" "0.3.0"

"@types/lodash@^4.14.182":
  "integrity" "sha512-/THyiqyQAP9AfARo4pF+aCGcyiQ94tX/Is2I7HofNRqoYLgN1PBoOWu2/zTA5zMxzP5EFutMtWtGAFRKUe961Q=="
  "resolved" "https://registry.npmjs.org/@types/lodash/-/lodash-4.14.182.tgz"
  "version" "4.14.182"

"@types/mime@^2.0.3":
  "integrity" "sha512-Jus9s4CDbqwocc5pOAnh8ShfrnMcPHuJYzVcSUU7lrh8Ni5HuIqX3oilL86p3dlTrk0LzHRCgA/GQ7uNCw6l2Q=="
  "resolved" "https://registry.npmjs.org/@types/mime/-/mime-2.0.3.tgz"
  "version" "2.0.3"

"@types/node@^17.0.31":
  "integrity" "sha512-AR0x5HbXGqkEx9CadRH3EBYx/VkiUgZIhP4wvPn/+5KIsgpNoyFaRlVe0Zlx9gRtg8fA06a9tskE2MSN7TcG4Q=="
  "resolved" "https://registry.npmjs.org/@types/node/-/node-17.0.31.tgz"
  "version" "17.0.31"

"axios@0.26.1":
  "integrity" "sha512-fPwcX4EvnSHuInCMItEhAGnaSEXRBjtzh9fOtsE6E1G6p7vl7edEeZe11QHf18+6+9gR5PbKV/sGKNaD8YaMeA=="
  "resolved" "https://registry.npmjs.org/axios/-/axios-0.26.1.tgz"
  "version" "0.26.1"
  dependencies:
    "follow-redirects" "^1.14.8"

"file-type@14":
  "integrity" "sha512-sXAMgFk67fQLcetXustxfKX+PZgHIUFn96Xld9uH8aXPdX3xOp0/jg9OdouVTvQrf7mrn+wAa4jN/y9fUOOiRA=="
  "resolved" "https://registry.npmjs.org/file-type/-/file-type-14.7.1.tgz"
  "version" "14.7.1"
  dependencies:
    "readable-web-to-node-stream" "^2.0.0"
    "strtok3" "^6.0.3"
    "token-types" "^2.0.0"
    "typedarray-to-buffer" "^3.1.5"

"follow-redirects@^1.14.8":
  "integrity" "sha512-aExlJShTV4qOUOL7yF1U5tvLCB0xQuudbf6toyYA0E/acBNw71mvjFTnLaRp50aQaYocMR0a/RMMBIHeZnGyjQ=="
  "resolved" "https://registry.npmjs.org/follow-redirects/-/follow-redirects-1.15.0.tgz"
  "version" "1.15.0"

"ieee754@^1.2.1":
  "integrity" "sha512-dcyqhDvX1C46lXZcVqCpK+FtMRQVdIMN6/Df5js2zouUsqG7I6sFxitIC+7KYK29KdXOLHdu9zL4sFnoVQnqaA=="
  "resolved" "https://registry.npmjs.org/ieee754/-/ieee754-1.2.1.tgz"
  "version" "1.2.1"

"is-typedarray@^1.0.0":
  "integrity" "sha1-5HnICFjfDBsR3dppQPlgEfzaSpo="
  "resolved" "https://registry.npmjs.org/is-typedarray/-/is-typedarray-1.0.0.tgz"
  "version" "1.0.0"

"iterare@1.2.1":
  "integrity" "sha512-RKYVTCjAnRthyJes037NX/IiqeidgN1xc3j1RjFfECFp28A1GVwK9nA+i0rJPaHqSZwygLzRnFlzUuHFoWWy+Q=="
  "resolved" "https://registry.npmjs.org/iterare/-/iterare-1.2.1.tgz"
  "version" "1.2.1"

"lodash@^4.17.21":
  "integrity" "sha512-v2kDEe57lecTulaDIuNTPy3Ry4gLGJ6Z1O3vE1krgXZNrsQ+LFTGHVxVjcXPs17LhbZVGedAJv8XZ1tvj5FvSg=="
  "resolved" "https://registry.npmjs.org/lodash/-/lodash-4.17.21.tgz"
  "version" "4.17.21"

"mime@^3.0.0":
  "integrity" "sha512-jSCU7/VB1loIWBZe14aEYHU/+1UMEHoaO7qxCOVJOw9GgH72VAWppxNcjU+x9a2k3GSIBXNKxXQFqRvvZ7vr3A=="
  "resolved" "https://registry.npmjs.org/mime/-/mime-3.0.0.tgz"
  "version" "3.0.0"

"peek-readable@^4.1.0":
  "integrity" "sha512-ZI3LnwUv5nOGbQzD9c2iDG6toheuXSZP5esSHBjopsXH4dg19soufvpUGA3uohi5anFtGb2lhAVdHzH6R/Evvg=="
  "resolved" "https://registry.npmjs.org/peek-readable/-/peek-readable-4.1.0.tgz"
  "version" "4.1.0"

"readable-web-to-node-stream@^2.0.0":
  "integrity" "sha512-+oZJurc4hXpaaqsN68GoZGQAQIA3qr09Or4fqEsargABnbe5Aau8hFn6ISVleT3cpY/0n/8drn7huyyEvTbghA=="
  "resolved" "https://registry.npmjs.org/readable-web-to-node-stream/-/readable-web-to-node-stream-2.0.0.tgz"
  "version" "2.0.0"

"reflect-metadata@^0.1.12":
  "integrity" "sha512-Ts1Y/anZELhSsjMcU605fU9RE4Oi3p5ORujwbIKXfWa+0Zxs510Qrmrce5/Jowq3cHSZSJqBjypxmHarc+vEWg=="
  "resolved" "https://registry.npmjs.org/reflect-metadata/-/reflect-metadata-0.1.13.tgz"
  "version" "0.1.13"

"rxjs@^7.1.0":
  "integrity" "sha512-sy+H0pQofO95VDmFLzyaw9xNJU4KTRSwQIGM6+iG3SypAtCiLDzpeG8sJrNCWn2Up9km+KhkvTdbkrdy+yzZdw=="
  "resolved" "https://registry.npmjs.org/rxjs/-/rxjs-7.5.5.tgz"
  "version" "7.5.5"
  dependencies:
    "tslib" "^2.1.0"

"strtok3@^6.0.3":
  "integrity" "sha512-fZtbhtvI9I48xDSywd/somNqgUHl2L2cstmXCCif0itOf96jeW18MBSyrLuNicYQVkvpOxkZtkzujiTJ9LW5Jw=="
  "resolved" "https://registry.npmjs.org/strtok3/-/strtok3-6.3.0.tgz"
  "version" "6.3.0"
  dependencies:
    "@tokenizer/token" "^0.3.0"
    "peek-readable" "^4.1.0"

"token-types@^2.0.0":
  "integrity" "sha512-wnQcqlreS6VjthyHO3Y/kpK/emflxDBNhlNUPfh7wE39KnuDdOituXomIbyI79vBtF0Ninpkh72mcuRHo+RG3Q=="
  "resolved" "https://registry.npmjs.org/token-types/-/token-types-2.1.1.tgz"
  "version" "2.1.1"
  dependencies:
    "@tokenizer/token" "^0.1.1"
    "ieee754" "^1.2.1"

"tslib@^2.1.0", "tslib@2.3.1":
  "integrity" "sha512-77EbyPPpMz+FRFRuAFlWMtmgUWGe9UOG2Z25NqCwiIjRhOf5iKGuzSe5P2w1laq+FkRy4p+PCuVkJSGkzTEKVw=="
  "resolved" "https://registry.npmjs.org/tslib/-/tslib-2.3.1.tgz"
  "version" "2.3.1"

"typedarray-to-buffer@^3.1.5":
  "integrity" "sha512-zdu8XMNEDepKKR+XYOXAVPtWui0ly0NtohUscw+UmaHiAWT8hrV1rr//H6V+0DvJ3OQ19S979M0laLfX8rm82Q=="
  "resolved" "https://registry.npmjs.org/typedarray-to-buffer/-/typedarray-to-buffer-3.1.5.tgz"
  "version" "3.1.5"
  dependencies:
    "is-typedarray" "^1.0.0"

"typescript@^4.6.4":
  "integrity" "sha512-9ia/jWHIEbo49HfjrLGfKbZSuWo9iTMwXO+Ca3pRsSpbsMbc7/IU8NKdCZVRRBafVPGnoJeFL76ZOAA84I9fEg=="
  "resolved" "https://registry.npmjs.org/typescript/-/typescript-4.6.4.tgz"
  "version" "4.6.4"

"uuid@8.3.2":
  "integrity" "sha512-+NYs2QeMWy+GWFOEm9xnn6HCDp0l7QBD7ml8zLUmJ+93Q5NF0NocErnwkTkXVFNiX3/fpC6afS8Dhb/gz7R7eg=="
  "resolved" "https://registry.npmjs.org/uuid/-/uuid-8.3.2.tgz"
  "version" "8.3.2"
